// !$*UTF8*$!
{
	archiveVersion = 1;
	classes = {
	};
	objectVersion = 56;
	objects = {

/* Begin PBXBuildFile section */
		D1A0000000000000000000B1 /* DragStripValleyView.swift in Sources */ = {isa = PBXBuildFile; fileRef = D1A0000000000000000000F1 /* DragStripValleyView.swift */; };
		D1A0000000000000000000B2 /* screensaver.html in Resources */ = {isa = PBXBuildFile; fileRef = D1A0000000000000000000F3 /* screensaver.html */; };
/* End PBXBuildFile section */

/* Begin PBXFileReference section */
		D1A0000000000000000000F1 /* DragStripValleyView.swift */ = {isa = PBXFileReference; lastKnownFileType = sourcecode.swift; path = DragStripValleyView.swift; sourceTree = "<group>"; };
		D1A0000000000000000000F2 /* Info.plist */ = {isa = PBXFileReference; lastKnownFileType = text.plist.xml; path = Info.plist; sourceTree = "<group>"; };
		D1A0000000000000000000F3 /* screensaver.html */ = {isa = PBXFileReference; lastKnownFileType = text.html; path = screensaver.html; sourceTree = "<group>"; };
		D1A0000000000000000000F4 /* DragStripValley.saver */ = {isa = PBXFileReference; explicitFileType = wrapper.cfbundle; includeInIndex = 0; path = DragStripValley.saver; sourceTree = BUILT_PRODUCTS_DIR; };
/* End PBXFileReference section */

/* Begin PBXFrameworksBuildPhase section */
		D1A0000000000000000000A3 /* Frameworks */ = {
			isa = PBXFrameworksBuildPhase;
			buildActionMask = 2147483647;
			files = (
			);
			runOnlyForDeploymentPostprocessing = 0;
		};
/* End PBXFrameworksBuildPhase section */

/* Begin PBXGroup section */
		D1A0000000000000000000C1 = {
			isa = PBXGroup;
			children = (
				D1A0000000000000000000C2 /* DragStripValley */,
				D1A0000000000000000000C4 /* Products */,
			);
			sourceTree = "<group>";
		};
		D1A0000000000000000000C2 /* DragStripValley */ = {
			isa = PBXGroup;
			children = (
				D1A0000000000000000000F1 /* DragStripValleyView.swift */,
				D1A0000000000000000000F2 /* Info.plist */,
				D1A0000000000000000000C3 /* Resources */,
			);
			path = DragStripValley;
			sourceTree = "<group>";
		};
		D1A0000000000000000000C3 /* Resources */ = {
			isa = PBXGroup;
			children = (
				D1A0000000000000000000F3 /* screensaver.html */,
			);
			path = Resources;
			sourceTree = "<group>";
		};
		D1A0000000000000000000C4 /* Products */ = {
			isa = PBXGroup;
			children = (
				D1A0000000000000000000F4 /* DragStripValley.saver */,
			);
			name = Products;
			sourceTree = "<group>";
		};
/* End PBXGroup section */

/* Begin PBXNativeTarget section */
		D1A0000000000000000000D1 /* DragStripValley */ = {
			isa = PBXNativeTarget;
			buildConfigurationList = D1A0000000000000000000E3 /* Build configuration list for PBXNativeTarget "DragStripValley" */;
			buildPhases = (
				D1A0000000000000000000A1 /* Sources */,
				D1A0000000000000000000A2 /* Resources */,
				D1A0000000000000000000A3 /* Frameworks */,
			);
			buildRules = (
			);
			dependencies = (
			);
			name = DragStripValley;
			productName = DragStripValley;
			productReference = D1A0000000000000000000F4 /* DragStripValley.saver */;
			productType = "com.apple.product-type.bundle";
		};
/* End PBXNativeTarget section */

/* Begin PBXProject section */
		D1A0000000000000000000E0 /* Project object */ = {
			isa = PBXProject;
			attributes = {
				BuildIndependentTargetsInParallel = 1;
				LastSwiftUpdateCheck = 1500;
				LastUpgradeCheck = 1500;
				TargetAttributes = {
					D1A0000000000000000000D1 = {
						CreatedOnToolsVersion = 15.0;
					};
				};
			};
			buildConfigurationList = D1A0000000000000000000E1 /* Build configuration list for PBXProject "DragStripValley" */;
			compatibilityVersion = "Xcode 14.0";
			developmentRegion = en;
			hasScannedForEncodings = 0;
			knownRegions = (
				en,
				Base,
			);
			mainGroup = D1A0000000000000000000C1;
			productRefGroup = D1A0000000000000000000C4 /* Products */;
			projectDirPath = "";
			projectRoot = "";
			targets = (
				D1A0000000000000000000D1 /* DragStripValley */,
			);
		};
/* End PBXProject section */

/* Begin PBXResourcesBuildPhase section */
		D1A0000000000000000000A2 /* Resources */ = {
			isa = PBXResourcesBuildPhase;
			buildActionMask = 2147483647;
			files = (
				D1A0000000000000000000B2 /* screensaver.html in Resources */,
			);
			runOnlyForDeploymentPostprocessing = 0;
		};
/* End PBXResourcesBuildPhase section */

/* Begin PBXSourcesBuildPhase section */
		D1A0000000000000000000A1 /* Sources */ = {
			isa = PBXSourcesBuildPhase;
			buildActionMask = 2147483647;
			files = (
				D1A0000000000000000000B1 /* DragStripValleyView.swift in Sources */,
			);
			runOnlyForDeploymentPostprocessing = 0;
		};
/* End PBXSourcesBuildPhase section */

/* Begin XCBuildConfiguration section */
		D1A0000000000000000000E4 /* Debug */ = {
			isa = XCBuildConfiguration;
			buildSettings = {
				ALWAYS_SEARCH_USER_PATHS = NO;
				CLANG_ENABLE_MODULES = YES;
				CLANG_ENABLE_OBJC_ARC = YES;
				DEBUG_INFORMATION_FORMAT = dwarf;
				ENABLE_STRICT_OBJC_MSGSEND = YES;
				ENABLE_TESTABILITY = YES;
				GCC_C_LANGUAGE_STANDARD = gnu11;
				GCC_DYNAMIC_NO_PIC = NO;
				GCC_OPTIMIZATION_LEVEL = 0;
				GCC_PREPROCESSOR_DEFINITIONS = (
					"DEBUG=1",
					"$(inherited)",
				);
				MACOSX_DEPLOYMENT_TARGET = 12.0;
				ONLY_ACTIVE_ARCH = YES;
				SDKROOT = macosx;
				SWIFT_ACTIVE_COMPILATION_CONDITIONS = DEBUG;
				SWIFT_OPTIMIZATION_LEVEL = "-Onone";
			};
			name = Debug;
		};
		D1A0000000000000000000E5 /* Release */ = {
			isa = XCBuildConfiguration;
			buildSettings = {
				ALWAYS_SEARCH_USER_PATHS = NO;
				CLANG_ENABLE_MODULES = YES;
				CLANG_ENABLE_OBJC_ARC = YES;
				DEBUG_INFORMATION_FORMAT = "dwarf-with-dsym";
				ENABLE_STRICT_OBJC_MSGSEND = YES;
				GCC_C_LANGUAGE_STANDARD = gnu11;
				MACOSX_DEPLOYMENT_TARGET = 12.0;
				SDKROOT = macosx;
				SWIFT_COMPILATION_MODE = wholemodule;
				SWIFT_OPTIMIZATION_LEVEL = "-O";
			};
			name = Release;
		};
		D1A0000000000000000000E6 /* Debug */ = {
			isa = XCBuildConfiguration;
			buildSettings = {
				CODE_SIGN_IDENTITY = "-";
				CODE_SIGN_STYLE = Manual;
				COMBINE_HIDPI_IMAGES = YES;
				GENERATE_INFOPLIST_FILE = NO;
				INFOPLIST_FILE = DragStripValley/Info.plist;
				LD_RUNPATH_SEARCH_PATHS = (
					"$(inherited)",
					"@executable_path/../Frameworks",
					"@loader_path/../Frameworks",
				);
				PRODUCT_BUNDLE_IDENTIFIER = com.timingdata.dragstripvalley;
				PRODUCT_NAME = "$(TARGET_NAME)";
				SKIP_INSTALL = YES;
				SWIFT_VERSION = 5.0;
				WRAPPER_EXTENSION = saver;
			};
			name = Debug;
		};
		D1A0000000000000000000E7 /* Release */ = {
			isa = XCBuildConfiguration;
			buildSettings = {
				CODE_SIGN_IDENTITY = "-";
				CODE_SIGN_STYLE = Manual;
				COMBINE_HIDPI_IMAGES = YES;
				GENERATE_INFOPLIST_FILE = NO;
				INFOPLIST_FILE = DragStripValley/Info.plist;
				LD_RUNPATH_SEARCH_PATHS = (
					"$(inherited)",
					"@executable_path/../Frameworks",
					"@loader_path/../Frameworks",
				);
				PRODUCT_BUNDLE_IDENTIFIER = com.timingdata.dragstripvalley;
				PRODUCT_NAME = "$(TARGET_NAME)";
				SKIP_INSTALL = YES;
				SWIFT_VERSION = 5.0;
				WRAPPER_EXTENSION = saver;
			};
			name = Release;
		};
/* End XCBuildConfiguration section */

/* Begin XCConfigurationList section */
		D1A0000000000000000000E1 /* Build configuration list for PBXProject "DragStripValley" */ = {
			isa = XCConfigurationList;
			buildConfigurations = (
				D1A0000000000000000000E4 /* Debug */,
				D1A0000000000000000000E5 /* Release */,
			);
			defaultConfigurationIsVisible = 0;
			defaultConfigurationName = Release;
		};
		D1A0000000000000000000E3 /* Build configuration list for PBXNativeTarget "DragStripValley" */ = {
			isa = XCConfigurationList;
			buildConfigurations = (
				D1A0000000000000000000E6 /* Debug */,
				D1A0000000000000000000E7 /* Release */,
			);
			defaultConfigurationIsVisible = 0;
			defaultConfigurationName = Release;
		};
/* End XCConfigurationList section */
	};
	rootObject = D1A0000000000000000000E0 /* Project object */;
}
